{
  "name": "@praveen_007/my_first_calc",
  "version": "1.0.0",
  "lockfileVersion": 3,
  "requires": true,
  "packages": {
    "": {
      "name": "@praveen_007/my_first_calc",
      "version": "1.0.0",
      "license": "ISC",
      "dependencies": {
        "@praveen_007/my_first_calc": "^1.0.0"
      }
    },
    "node_modules/@praveen_007/my_first_calc": {
      "version": "1.0.0",
      "resolved": "https://registry.npmjs.org/@praveen_007/my_first_calc/-/my_first_calc-1.0.0.tgz",
      "integrity": "sha512-vKNu2NRJumrFFtHbczg0l9GPQ/wS3EfBrdqsZh8YDN/mz4m9VBz1OmFAPiFFI+KF6pbQaV0mfyNPxrqCYaEAYQ=="
    }
  }
}
